
Microsoft Visual Studio Solution File, Format Version 12.00
# Visual Studio 15
VisualStudioVersion = 15.0.28307.705
MinimumVisualStudioVersion = 10.0.40219.1
Project("{9A19103F-16F7-4668-BE54-9A1E7A4F7556}") = "ProxyPattern", "ProxyPatterns\ProxyPattern.csproj", "{417F3426-B9EE-4414-BECD-86B5A492A90A}"
EndProject
Project("{9A19103F-16F7-4668-BE54-9A1E7A4F7556}") = "WebDecoratorPattern", "WebDecoratorPattern\WebDecoratorPattern.csproj", "{6A28DA6D-2D8E-4607-95E0-690BB3E2188D}"
EndProject
Project("{9A19103F-16F7-4668-BE54-9A1E7A4F7556}") = "FacadeDesignPattern", "FacadeDesignPattern\FacadeDesignPattern.csproj", "{75D9FE38-366F-41C9-8AE5-21543EB4B572}"
EndProject
Project("{9A19103F-16F7-4668-BE54-9A1E7A4F7556}") = "WebFactoryPattern", "WebFactiryPattern\WebFactoryPattern.csproj", "{91E0664C-4146-41E7-AEE9-3AB22E25AC8E}"
EndProject
Project("{9A19103F-16F7-4668-BE54-9A1E7A4F7556}") = "MediatorPatternwithChatRoom", "MediatorPatternwithHangfire\MediatorPatternwithChatRoom.csproj", "{AF876E18-AB92-4AE6-BF59-8B0B7098E24E}"
EndProject
Global
	GlobalSection(SolutionConfigurationPlatforms) = preSolution
		Debug|Any CPU = Debug|Any CPU
		Release|Any CPU = Release|Any CPU
	EndGlobalSection
	GlobalSection(ProjectConfigurationPlatforms) = postSolution
		{417F3426-B9EE-4414-BECD-86B5A492A90A}.Debug|Any CPU.ActiveCfg = Debug|Any CPU
		{417F3426-B9EE-4414-BECD-86B5A492A90A}.Debug|Any CPU.Build.0 = Debug|Any CPU
		{417F3426-B9EE-4414-BECD-86B5A492A90A}.Release|Any CPU.ActiveCfg = Release|Any CPU
		{417F3426-B9EE-4414-BECD-86B5A492A90A}.Release|Any CPU.Build.0 = Release|Any CPU
		{6A28DA6D-2D8E-4607-95E0-690BB3E2188D}.Debug|Any CPU.ActiveCfg = Debug|Any CPU
		{6A28DA6D-2D8E-4607-95E0-690BB3E2188D}.Debug|Any CPU.Build.0 = Debug|Any CPU
		{6A28DA6D-2D8E-4607-95E0-690BB3E2188D}.Release|Any CPU.ActiveCfg = Release|Any CPU
		{6A28DA6D-2D8E-4607-95E0-690BB3E2188D}.Release|Any CPU.Build.0 = Release|Any CPU
		{75D9FE38-366F-41C9-8AE5-21543EB4B572}.Debug|Any CPU.ActiveCfg = Debug|Any CPU
		{75D9FE38-366F-41C9-8AE5-21543EB4B572}.Debug|Any CPU.Build.0 = Debug|Any CPU
		{75D9FE38-366F-41C9-8AE5-21543EB4B572}.Release|Any CPU.ActiveCfg = Release|Any CPU
		{75D9FE38-366F-41C9-8AE5-21543EB4B572}.Release|Any CPU.Build.0 = Release|Any CPU
		{91E0664C-4146-41E7-AEE9-3AB22E25AC8E}.Debug|Any CPU.ActiveCfg = Debug|Any CPU
		{91E0664C-4146-41E7-AEE9-3AB22E25AC8E}.Debug|Any CPU.Build.0 = Debug|Any CPU
		{91E0664C-4146-41E7-AEE9-3AB22E25AC8E}.Release|Any CPU.ActiveCfg = Release|Any CPU
		{91E0664C-4146-41E7-AEE9-3AB22E25AC8E}.Release|Any CPU.Build.0 = Release|Any CPU
		{AF876E18-AB92-4AE6-BF59-8B0B7098E24E}.Debug|Any CPU.ActiveCfg = Debug|Any CPU
		{AF876E18-AB92-4AE6-BF59-8B0B7098E24E}.Debug|Any CPU.Build.0 = Debug|Any CPU
		{AF876E18-AB92-4AE6-BF59-8B0B7098E24E}.Release|Any CPU.ActiveCfg = Release|Any CPU
		{AF876E18-AB92-4AE6-BF59-8B0B7098E24E}.Release|Any CPU.Build.0 = Release|Any CPU
	EndGlobalSection
	GlobalSection(SolutionProperties) = preSolution
		HideSolutionNode = FALSE
	EndGlobalSection
	GlobalSection(ExtensibilityGlobals) = postSolution
		SolutionGuid = {9C461507-7BD6-4592-8E94-8FD1FA7906E6}
	EndGlobalSection
EndGlobal
